
Microsoft Visual Studio Solution File, Format Version 12.00
# Visual Studio Version 17
VisualStudioVersion = 17.0.32112.339
MinimumVisualStudioVersion = 10.0.40219.1
Project("{2150E333-8FDC-42A3-9474-1A3956D46DE8}") = "OpenIddict", "OpenIddict", "{C98F5230-9098-47E0-B7B6-A6CCA1D24712}"
EndProject
Project("{9A19103F-16F7-4668-BE54-9A1E7A4F7556}") = "Server", "OpenIddict\Server\Server.csproj", "{81E5C837-203C-4B13-900F-D4FABF64BC8F}"
EndProject
Project("{2150E333-8FDC-42A3-9474-1A3956D46DE8}") = "JWT", "JWT", "{A2FAF18E-04CD-4AA1-B643-C96478623108}"
EndProject
Project("{2150E333-8FDC-42A3-9474-1A3956D46DE8}") = "Client", "Client", "{FFF4EDE6-AA30-4959-9043-DDECA1EAD8E2}"
EndProject
Project("{2150E333-8FDC-42A3-9474-1A3956D46DE8}") = "Server", "Server", "{952C5D2E-8A5B-4CCC-9946-7A2886C30D0F}"
EndProject
Project("{9A19103F-16F7-4668-BE54-9A1E7A4F7556}") = "JWTModels", "JWT\JWTServ\JWTModels\JWTModels.csproj", "{920D8D6B-4A80-4AA4-B778-237DD6FB0C1D}"
EndProject
Project("{9A19103F-16F7-4668-BE54-9A1E7A4F7556}") = "JWTData", "JWT\JWTServ\JWTData\JWTData.csproj", "{96333131-9426-4AE7-B3FE-7F259A4C62F7}"
EndProject
Project("{9A19103F-16F7-4668-BE54-9A1E7A4F7556}") = "JWTServer", "JWT\JWTServ\JWTServer\JWTServer.csproj", "{FB95D3C3-B704-41A2-9675-56D6F0ED9F41}"
EndProject
Project("{9A19103F-16F7-4668-BE54-9A1E7A4F7556}") = "LibraryModels", "JWT\TestApi\LibraryModels\LibraryModels.csproj", "{4834738F-460C-465D-AE57-3E307514D6BA}"
EndProject
Project("{9A19103F-16F7-4668-BE54-9A1E7A4F7556}") = "LibraryData", "JWT\TestApi\LibraryData\LibraryData.csproj", "{87BB060E-DAD4-4323-BF3D-A3BEE030C0C2}"
EndProject
Project("{9A19103F-16F7-4668-BE54-9A1E7A4F7556}") = "LibraryApi", "JWT\TestApi\LibraryApi\LibraryApi.csproj", "{6BFE1A90-58B4-49DE-B4E7-F8AB1D130D42}"
EndProject
Project("{9A19103F-16F7-4668-BE54-9A1E7A4F7556}") = "BlazorClient", "OpenIddict\BlazorClient\BlazorClient.csproj", "{B0132BD4-F48F-46E4-9990-13439FF34EAA}"
EndProject
Project("{FAE04EC0-301F-11D3-BF4B-00C04F79EFBC}") = "Api", "Api\Api.csproj", "{A7B15619-A64E-4EEB-951C-F5BBA9542141}"
EndProject
Global
	GlobalSection(SolutionConfigurationPlatforms) = preSolution
		Debug|Any CPU = Debug|Any CPU
		Release|Any CPU = Release|Any CPU
	EndGlobalSection
	GlobalSection(ProjectConfigurationPlatforms) = postSolution
		{81E5C837-203C-4B13-900F-D4FABF64BC8F}.Debug|Any CPU.ActiveCfg = Debug|Any CPU
		{81E5C837-203C-4B13-900F-D4FABF64BC8F}.Debug|Any CPU.Build.0 = Debug|Any CPU
		{81E5C837-203C-4B13-900F-D4FABF64BC8F}.Release|Any CPU.ActiveCfg = Release|Any CPU
		{81E5C837-203C-4B13-900F-D4FABF64BC8F}.Release|Any CPU.Build.0 = Release|Any CPU
		{920D8D6B-4A80-4AA4-B778-237DD6FB0C1D}.Debug|Any CPU.ActiveCfg = Debug|Any CPU
		{920D8D6B-4A80-4AA4-B778-237DD6FB0C1D}.Debug|Any CPU.Build.0 = Debug|Any CPU
		{920D8D6B-4A80-4AA4-B778-237DD6FB0C1D}.Release|Any CPU.ActiveCfg = Release|Any CPU
		{920D8D6B-4A80-4AA4-B778-237DD6FB0C1D}.Release|Any CPU.Build.0 = Release|Any CPU
		{96333131-9426-4AE7-B3FE-7F259A4C62F7}.Debug|Any CPU.ActiveCfg = Debug|Any CPU
		{96333131-9426-4AE7-B3FE-7F259A4C62F7}.Debug|Any CPU.Build.0 = Debug|Any CPU
		{96333131-9426-4AE7-B3FE-7F259A4C62F7}.Release|Any CPU.ActiveCfg = Release|Any CPU
		{96333131-9426-4AE7-B3FE-7F259A4C62F7}.Release|Any CPU.Build.0 = Release|Any CPU
		{FB95D3C3-B704-41A2-9675-56D6F0ED9F41}.Debug|Any CPU.ActiveCfg = Debug|Any CPU
		{FB95D3C3-B704-41A2-9675-56D6F0ED9F41}.Debug|Any CPU.Build.0 = Debug|Any CPU
		{FB95D3C3-B704-41A2-9675-56D6F0ED9F41}.Release|Any CPU.ActiveCfg = Release|Any CPU
		{FB95D3C3-B704-41A2-9675-56D6F0ED9F41}.Release|Any CPU.Build.0 = Release|Any CPU
		{4834738F-460C-465D-AE57-3E307514D6BA}.Debug|Any CPU.ActiveCfg = Debug|Any CPU
		{4834738F-460C-465D-AE57-3E307514D6BA}.Debug|Any CPU.Build.0 = Debug|Any CPU
		{4834738F-460C-465D-AE57-3E307514D6BA}.Release|Any CPU.ActiveCfg = Release|Any CPU
		{4834738F-460C-465D-AE57-3E307514D6BA}.Release|Any CPU.Build.0 = Release|Any CPU
		{87BB060E-DAD4-4323-BF3D-A3BEE030C0C2}.Debug|Any CPU.ActiveCfg = Debug|Any CPU
		{87BB060E-DAD4-4323-BF3D-A3BEE030C0C2}.Debug|Any CPU.Build.0 = Debug|Any CPU
		{87BB060E-DAD4-4323-BF3D-A3BEE030C0C2}.Release|Any CPU.ActiveCfg = Release|Any CPU
		{87BB060E-DAD4-4323-BF3D-A3BEE030C0C2}.Release|Any CPU.Build.0 = Release|Any CPU
		{6BFE1A90-58B4-49DE-B4E7-F8AB1D130D42}.Debug|Any CPU.ActiveCfg = Debug|Any CPU
		{6BFE1A90-58B4-49DE-B4E7-F8AB1D130D42}.Debug|Any CPU.Build.0 = Debug|Any CPU
		{6BFE1A90-58B4-49DE-B4E7-F8AB1D130D42}.Release|Any CPU.ActiveCfg = Release|Any CPU
		{6BFE1A90-58B4-49DE-B4E7-F8AB1D130D42}.Release|Any CPU.Build.0 = Release|Any CPU
		{B0132BD4-F48F-46E4-9990-13439FF34EAA}.Debug|Any CPU.ActiveCfg = Debug|Any CPU
		{B0132BD4-F48F-46E4-9990-13439FF34EAA}.Debug|Any CPU.Build.0 = Debug|Any CPU
		{B0132BD4-F48F-46E4-9990-13439FF34EAA}.Release|Any CPU.ActiveCfg = Release|Any CPU
		{B0132BD4-F48F-46E4-9990-13439FF34EAA}.Release|Any CPU.Build.0 = Release|Any CPU
		{A7B15619-A64E-4EEB-951C-F5BBA9542141}.Debug|Any CPU.ActiveCfg = Debug|Any CPU
		{A7B15619-A64E-4EEB-951C-F5BBA9542141}.Debug|Any CPU.Build.0 = Debug|Any CPU
		{A7B15619-A64E-4EEB-951C-F5BBA9542141}.Release|Any CPU.ActiveCfg = Release|Any CPU
		{A7B15619-A64E-4EEB-951C-F5BBA9542141}.Release|Any CPU.Build.0 = Release|Any CPU
	EndGlobalSection
	GlobalSection(SolutionProperties) = preSolution
		HideSolutionNode = FALSE
	EndGlobalSection
	GlobalSection(NestedProjects) = preSolution
		{81E5C837-203C-4B13-900F-D4FABF64BC8F} = {C98F5230-9098-47E0-B7B6-A6CCA1D24712}
		{FFF4EDE6-AA30-4959-9043-DDECA1EAD8E2} = {A2FAF18E-04CD-4AA1-B643-C96478623108}
		{952C5D2E-8A5B-4CCC-9946-7A2886C30D0F} = {A2FAF18E-04CD-4AA1-B643-C96478623108}
		{920D8D6B-4A80-4AA4-B778-237DD6FB0C1D} = {952C5D2E-8A5B-4CCC-9946-7A2886C30D0F}
		{96333131-9426-4AE7-B3FE-7F259A4C62F7} = {952C5D2E-8A5B-4CCC-9946-7A2886C30D0F}
		{FB95D3C3-B704-41A2-9675-56D6F0ED9F41} = {952C5D2E-8A5B-4CCC-9946-7A2886C30D0F}
		{4834738F-460C-465D-AE57-3E307514D6BA} = {FFF4EDE6-AA30-4959-9043-DDECA1EAD8E2}
		{87BB060E-DAD4-4323-BF3D-A3BEE030C0C2} = {FFF4EDE6-AA30-4959-9043-DDECA1EAD8E2}
		{6BFE1A90-58B4-49DE-B4E7-F8AB1D130D42} = {FFF4EDE6-AA30-4959-9043-DDECA1EAD8E2}
		{B0132BD4-F48F-46E4-9990-13439FF34EAA} = {C98F5230-9098-47E0-B7B6-A6CCA1D24712}
		{A7B15619-A64E-4EEB-951C-F5BBA9542141} = {C98F5230-9098-47E0-B7B6-A6CCA1D24712}
	EndGlobalSection
	GlobalSection(ExtensibilityGlobals) = postSolution
		SolutionGuid = {8A54160F-E6BA-443E-91F1-1F2DA465369F}
	EndGlobalSection
EndGlobal
