
Microsoft Visual Studio Solution File, Format Version 12.00
# Visual Studio Version 17
VisualStudioVersion = 17.0.32112.339
MinimumVisualStudioVersion = 10.0.40219.1
Project("{9A19103F-16F7-4668-BE54-9A1E7A4F7556}") = "JWTServer", "JWTServer\JWTServer.csproj", "{1626A71F-290E-40B1-B8DD-12B70D49BB49}"
EndProject
Project("{9A19103F-16F7-4668-BE54-9A1E7A4F7556}") = "JWTModels", "JWTModels\JWTModels.csproj", "{56DF4F39-A073-4EB0-A30A-6440B58F00F0}"
EndProject
Project("{9A19103F-16F7-4668-BE54-9A1E7A4F7556}") = "JWTData", "JWTData\JWTData.csproj", "{B37C7A28-9140-4A71-AFDB-265C954559A4}"
EndProject
Project("{FAE04EC0-301F-11D3-BF4B-00C04F79EFBC}") = "LibraryModels", "LibraryModels\LibraryModels.csproj", "{4BEC6619-50B1-4998-B93E-A9FF82A1D216}"
EndProject
Project("{FAE04EC0-301F-11D3-BF4B-00C04F79EFBC}") = "LibraryData", "LibraryData\LibraryData.csproj", "{CAB90FB8-1EC8-41FE-8B9D-190300CDF2DC}"
EndProject
Project("{FAE04EC0-301F-11D3-BF4B-00C04F79EFBC}") = "LibraryApi", "LibraryApi\LibraryApi.csproj", "{57852C3D-1D33-4E9C-A3D8-BB5F763B3D8F}"
EndProject
Global
	GlobalSection(SolutionConfigurationPlatforms) = preSolution
		Debug|Any CPU = Debug|Any CPU
		Debug|x64 = Debug|x64
		Debug|x86 = Debug|x86
		Release|Any CPU = Release|Any CPU
		Release|x64 = Release|x64
		Release|x86 = Release|x86
	EndGlobalSection
	GlobalSection(ProjectConfigurationPlatforms) = postSolution
		{1626A71F-290E-40B1-B8DD-12B70D49BB49}.Debug|Any CPU.ActiveCfg = Debug|Any CPU
		{1626A71F-290E-40B1-B8DD-12B70D49BB49}.Debug|Any CPU.Build.0 = Debug|Any CPU
		{1626A71F-290E-40B1-B8DD-12B70D49BB49}.Debug|x64.ActiveCfg = Debug|Any CPU
		{1626A71F-290E-40B1-B8DD-12B70D49BB49}.Debug|x64.Build.0 = Debug|Any CPU
		{1626A71F-290E-40B1-B8DD-12B70D49BB49}.Debug|x86.ActiveCfg = Debug|Any CPU
		{1626A71F-290E-40B1-B8DD-12B70D49BB49}.Debug|x86.Build.0 = Debug|Any CPU
		{1626A71F-290E-40B1-B8DD-12B70D49BB49}.Release|Any CPU.ActiveCfg = Release|Any CPU
		{1626A71F-290E-40B1-B8DD-12B70D49BB49}.Release|Any CPU.Build.0 = Release|Any CPU
		{1626A71F-290E-40B1-B8DD-12B70D49BB49}.Release|x64.ActiveCfg = Release|Any CPU
		{1626A71F-290E-40B1-B8DD-12B70D49BB49}.Release|x64.Build.0 = Release|Any CPU
		{1626A71F-290E-40B1-B8DD-12B70D49BB49}.Release|x86.ActiveCfg = Release|Any CPU
		{1626A71F-290E-40B1-B8DD-12B70D49BB49}.Release|x86.Build.0 = Release|Any CPU
		{56DF4F39-A073-4EB0-A30A-6440B58F00F0}.Debug|Any CPU.ActiveCfg = Debug|Any CPU
		{56DF4F39-A073-4EB0-A30A-6440B58F00F0}.Debug|Any CPU.Build.0 = Debug|Any CPU
		{56DF4F39-A073-4EB0-A30A-6440B58F00F0}.Debug|x64.ActiveCfg = Debug|Any CPU
		{56DF4F39-A073-4EB0-A30A-6440B58F00F0}.Debug|x64.Build.0 = Debug|Any CPU
		{56DF4F39-A073-4EB0-A30A-6440B58F00F0}.Debug|x86.ActiveCfg = Debug|Any CPU
		{56DF4F39-A073-4EB0-A30A-6440B58F00F0}.Debug|x86.Build.0 = Debug|Any CPU
		{56DF4F39-A073-4EB0-A30A-6440B58F00F0}.Release|Any CPU.ActiveCfg = Release|Any CPU
		{56DF4F39-A073-4EB0-A30A-6440B58F00F0}.Release|Any CPU.Build.0 = Release|Any CPU
		{56DF4F39-A073-4EB0-A30A-6440B58F00F0}.Release|x64.ActiveCfg = Release|Any CPU
		{56DF4F39-A073-4EB0-A30A-6440B58F00F0}.Release|x64.Build.0 = Release|Any CPU
		{56DF4F39-A073-4EB0-A30A-6440B58F00F0}.Release|x86.ActiveCfg = Release|Any CPU
		{56DF4F39-A073-4EB0-A30A-6440B58F00F0}.Release|x86.Build.0 = Release|Any CPU
		{B37C7A28-9140-4A71-AFDB-265C954559A4}.Debug|Any CPU.ActiveCfg = Debug|Any CPU
		{B37C7A28-9140-4A71-AFDB-265C954559A4}.Debug|Any CPU.Build.0 = Debug|Any CPU
		{B37C7A28-9140-4A71-AFDB-265C954559A4}.Debug|x64.ActiveCfg = Debug|Any CPU
		{B37C7A28-9140-4A71-AFDB-265C954559A4}.Debug|x64.Build.0 = Debug|Any CPU
		{B37C7A28-9140-4A71-AFDB-265C954559A4}.Debug|x86.ActiveCfg = Debug|Any CPU
		{B37C7A28-9140-4A71-AFDB-265C954559A4}.Debug|x86.Build.0 = Debug|Any CPU
		{B37C7A28-9140-4A71-AFDB-265C954559A4}.Release|Any CPU.ActiveCfg = Release|Any CPU
		{B37C7A28-9140-4A71-AFDB-265C954559A4}.Release|Any CPU.Build.0 = Release|Any CPU
		{B37C7A28-9140-4A71-AFDB-265C954559A4}.Release|x64.ActiveCfg = Release|Any CPU
		{B37C7A28-9140-4A71-AFDB-265C954559A4}.Release|x64.Build.0 = Release|Any CPU
		{B37C7A28-9140-4A71-AFDB-265C954559A4}.Release|x86.ActiveCfg = Release|Any CPU
		{B37C7A28-9140-4A71-AFDB-265C954559A4}.Release|x86.Build.0 = Release|Any CPU
		{4BEC6619-50B1-4998-B93E-A9FF82A1D216}.Debug|Any CPU.ActiveCfg = Debug|Any CPU
		{4BEC6619-50B1-4998-B93E-A9FF82A1D216}.Debug|Any CPU.Build.0 = Debug|Any CPU
		{4BEC6619-50B1-4998-B93E-A9FF82A1D216}.Debug|x64.ActiveCfg = Debug|Any CPU
		{4BEC6619-50B1-4998-B93E-A9FF82A1D216}.Debug|x64.Build.0 = Debug|Any CPU
		{4BEC6619-50B1-4998-B93E-A9FF82A1D216}.Debug|x86.ActiveCfg = Debug|Any CPU
		{4BEC6619-50B1-4998-B93E-A9FF82A1D216}.Debug|x86.Build.0 = Debug|Any CPU
		{4BEC6619-50B1-4998-B93E-A9FF82A1D216}.Release|Any CPU.ActiveCfg = Release|Any CPU
		{4BEC6619-50B1-4998-B93E-A9FF82A1D216}.Release|Any CPU.Build.0 = Release|Any CPU
		{4BEC6619-50B1-4998-B93E-A9FF82A1D216}.Release|x64.ActiveCfg = Release|Any CPU
		{4BEC6619-50B1-4998-B93E-A9FF82A1D216}.Release|x64.Build.0 = Release|Any CPU
		{4BEC6619-50B1-4998-B93E-A9FF82A1D216}.Release|x86.ActiveCfg = Release|Any CPU
		{4BEC6619-50B1-4998-B93E-A9FF82A1D216}.Release|x86.Build.0 = Release|Any CPU
		{CAB90FB8-1EC8-41FE-8B9D-190300CDF2DC}.Debug|Any CPU.ActiveCfg = Debug|Any CPU
		{CAB90FB8-1EC8-41FE-8B9D-190300CDF2DC}.Debug|Any CPU.Build.0 = Debug|Any CPU
		{CAB90FB8-1EC8-41FE-8B9D-190300CDF2DC}.Debug|x64.ActiveCfg = Debug|Any CPU
		{CAB90FB8-1EC8-41FE-8B9D-190300CDF2DC}.Debug|x64.Build.0 = Debug|Any CPU
		{CAB90FB8-1EC8-41FE-8B9D-190300CDF2DC}.Debug|x86.ActiveCfg = Debug|Any CPU
		{CAB90FB8-1EC8-41FE-8B9D-190300CDF2DC}.Debug|x86.Build.0 = Debug|Any CPU
		{CAB90FB8-1EC8-41FE-8B9D-190300CDF2DC}.Release|Any CPU.ActiveCfg = Release|Any CPU
		{CAB90FB8-1EC8-41FE-8B9D-190300CDF2DC}.Release|Any CPU.Build.0 = Release|Any CPU
		{CAB90FB8-1EC8-41FE-8B9D-190300CDF2DC}.Release|x64.ActiveCfg = Release|Any CPU
		{CAB90FB8-1EC8-41FE-8B9D-190300CDF2DC}.Release|x64.Build.0 = Release|Any CPU
		{CAB90FB8-1EC8-41FE-8B9D-190300CDF2DC}.Release|x86.ActiveCfg = Release|Any CPU
		{CAB90FB8-1EC8-41FE-8B9D-190300CDF2DC}.Release|x86.Build.0 = Release|Any CPU
		{57852C3D-1D33-4E9C-A3D8-BB5F763B3D8F}.Debug|Any CPU.ActiveCfg = Debug|Any CPU
		{57852C3D-1D33-4E9C-A3D8-BB5F763B3D8F}.Debug|Any CPU.Build.0 = Debug|Any CPU
		{57852C3D-1D33-4E9C-A3D8-BB5F763B3D8F}.Debug|x64.ActiveCfg = Debug|Any CPU
		{57852C3D-1D33-4E9C-A3D8-BB5F763B3D8F}.Debug|x64.Build.0 = Debug|Any CPU
		{57852C3D-1D33-4E9C-A3D8-BB5F763B3D8F}.Debug|x86.ActiveCfg = Debug|Any CPU
		{57852C3D-1D33-4E9C-A3D8-BB5F763B3D8F}.Debug|x86.Build.0 = Debug|Any CPU
		{57852C3D-1D33-4E9C-A3D8-BB5F763B3D8F}.Release|Any CPU.ActiveCfg = Release|Any CPU
		{57852C3D-1D33-4E9C-A3D8-BB5F763B3D8F}.Release|Any CPU.Build.0 = Release|Any CPU
		{57852C3D-1D33-4E9C-A3D8-BB5F763B3D8F}.Release|x64.ActiveCfg = Release|Any CPU
		{57852C3D-1D33-4E9C-A3D8-BB5F763B3D8F}.Release|x64.Build.0 = Release|Any CPU
		{57852C3D-1D33-4E9C-A3D8-BB5F763B3D8F}.Release|x86.ActiveCfg = Release|Any CPU
		{57852C3D-1D33-4E9C-A3D8-BB5F763B3D8F}.Release|x86.Build.0 = Release|Any CPU
	EndGlobalSection
	GlobalSection(SolutionProperties) = preSolution
		HideSolutionNode = FALSE
	EndGlobalSection
	GlobalSection(ExtensibilityGlobals) = postSolution
		SolutionGuid = {8A54160F-E6BA-443E-91F1-1F2DA465369F}
	EndGlobalSection
EndGlobal
